
Microsoft Visual Studio Solution File, Format Version 12.00
# Visual Studio Version 16
VisualStudioVersion = 16.0.29009.5
MinimumVisualStudioVersion = 10.0.40219.1
Project("{FAE04EC0-301F-11D3-BF4B-00C04F79EFBC}") = "DeWay", "DeWay\DeWay.csproj", "{3C766582-32B1-4B1D-A137-E1A2BA566F91}"
EndProject
Project("{FAE04EC0-301F-11D3-BF4B-00C04F79EFBC}") = "WebSocket", "WebSocket\WebSocket.csproj", "{0E88B131-D296-497D-B511-3B7C20B32080}"
EndProject
Project("{FAE04EC0-301F-11D3-BF4B-00C04F79EFBC}") = "Wish", "Wish\Wish.csproj", "{A4FBB2D8-EC7D-405A-879F-990A9DDC07D5}"
EndProject
Project("{FAE04EC0-301F-11D3-BF4B-00C04F79EFBC}") = "DeWayWeb", "DeWayWeb\DeWayWeb.csproj", "{58495C66-106A-4C11-8B6E-CE447A26AFA8}"
EndProject
Global
	GlobalSection(SolutionConfigurationPlatforms) = preSolution
		Debug|Any CPU = Debug|Any CPU
		Release|Any CPU = Release|Any CPU
	EndGlobalSection
	GlobalSection(ProjectConfigurationPlatforms) = postSolution
		{3C766582-32B1-4B1D-A137-E1A2BA566F91}.Debug|Any CPU.ActiveCfg = Debug|Any CPU
		{3C766582-32B1-4B1D-A137-E1A2BA566F91}.Debug|Any CPU.Build.0 = Debug|Any CPU
		{3C766582-32B1-4B1D-A137-E1A2BA566F91}.Release|Any CPU.ActiveCfg = Release|Any CPU
		{3C766582-32B1-4B1D-A137-E1A2BA566F91}.Release|Any CPU.Build.0 = Release|Any CPU
		{0E88B131-D296-497D-B511-3B7C20B32080}.Debug|Any CPU.ActiveCfg = Debug|Any CPU
		{0E88B131-D296-497D-B511-3B7C20B32080}.Debug|Any CPU.Build.0 = Debug|Any CPU
		{0E88B131-D296-497D-B511-3B7C20B32080}.Release|Any CPU.ActiveCfg = Release|Any CPU
		{0E88B131-D296-497D-B511-3B7C20B32080}.Release|Any CPU.Build.0 = Release|Any CPU
		{A4FBB2D8-EC7D-405A-879F-990A9DDC07D5}.Debug|Any CPU.ActiveCfg = Debug|Any CPU
		{A4FBB2D8-EC7D-405A-879F-990A9DDC07D5}.Debug|Any CPU.Build.0 = Debug|Any CPU
		{A4FBB2D8-EC7D-405A-879F-990A9DDC07D5}.Release|Any CPU.ActiveCfg = Release|Any CPU
		{A4FBB2D8-EC7D-405A-879F-990A9DDC07D5}.Release|Any CPU.Build.0 = Release|Any CPU
		{58495C66-106A-4C11-8B6E-CE447A26AFA8}.Debug|Any CPU.ActiveCfg = Debug|Any CPU
		{58495C66-106A-4C11-8B6E-CE447A26AFA8}.Debug|Any CPU.Build.0 = Debug|Any CPU
		{58495C66-106A-4C11-8B6E-CE447A26AFA8}.Release|Any CPU.ActiveCfg = Release|Any CPU
		{58495C66-106A-4C11-8B6E-CE447A26AFA8}.Release|Any CPU.Build.0 = Release|Any CPU
	EndGlobalSection
	GlobalSection(SolutionProperties) = preSolution
		HideSolutionNode = FALSE
	EndGlobalSection
	GlobalSection(ExtensibilityGlobals) = postSolution
		SolutionGuid = {F84E1AED-92AB-425C-BBE6-504FB5324E43}
	EndGlobalSection
EndGlobal
